
Microsoft Visual Studio Solution File, Format Version 12.00
Project("{FAE04EC0-301F-11D3-BF4B-00C04F79EFBC}") = "GoLive.Generator.PropertyChangedNotifier", "GoLive.Generator.PropertyChangedNotifier\GoLive.Generator.PropertyChangedNotifier.csproj", "{3F5F3CF8-3070-4531-9FE1-5E04F61D54D8}"
EndProject
Project("{FAE04EC0-301F-11D3-BF4B-00C04F79EFBC}") = "GoLive.Generator.PropertyChangedNotifier.Playground", "GoLive.Generator.PropertyChangedNotifier.Playground\GoLive.Generator.PropertyChangedNotifier.Playground.csproj", "{9903E07E-89A7-4350-8850-4494E9AE508C}"
EndProject
Global
	GlobalSection(SolutionConfigurationPlatforms) = preSolution
		Debug|Any CPU = Debug|Any CPU
		Release|Any CPU = Release|Any CPU
	EndGlobalSection
	GlobalSection(ProjectConfigurationPlatforms) = postSolution
		{3F5F3CF8-3070-4531-9FE1-5E04F61D54D8}.Debug|Any CPU.ActiveCfg = Debug|Any CPU
		{3F5F3CF8-3070-4531-9FE1-5E04F61D54D8}.Debug|Any CPU.Build.0 = Debug|Any CPU
		{3F5F3CF8-3070-4531-9FE1-5E04F61D54D8}.Release|Any CPU.ActiveCfg = Release|Any CPU
		{3F5F3CF8-3070-4531-9FE1-5E04F61D54D8}.Release|Any CPU.Build.0 = Release|Any CPU
		{9903E07E-89A7-4350-8850-4494E9AE508C}.Debug|Any CPU.ActiveCfg = Debug|Any CPU
		{9903E07E-89A7-4350-8850-4494E9AE508C}.Debug|Any CPU.Build.0 = Debug|Any CPU
		{9903E07E-89A7-4350-8850-4494E9AE508C}.Release|Any CPU.ActiveCfg = Release|Any CPU
		{9903E07E-89A7-4350-8850-4494E9AE508C}.Release|Any CPU.Build.0 = Release|Any CPU
	EndGlobalSection
EndGlobal
